
Microsoft Visual Studio Solution File, Format Version 12.00
# Visual Studio Version 16
VisualStudioVersion = 16.0.31410.357
MinimumVisualStudioVersion = 10.0.40219.1
Project("{FAE04EC0-301F-11D3-BF4B-00C04F79EFBC}") = "DST_info", "DST_info.csproj", "{9102413E-EED0-4794-B00B-7B5AF4965A19}"
EndProject
Global
	GlobalSection(SolutionConfigurationPlatforms) = preSolution
		Debug|Any CPU = Debug|Any CPU
		Release|Any CPU = Release|Any CPU
	EndGlobalSection
	GlobalSection(ProjectConfigurationPlatforms) = postSolution
		{9102413E-EED0-4794-B00B-7B5AF4965A19}.Debug|Any CPU.ActiveCfg = Debug|Any CPU
		{9102413E-EED0-4794-B00B-7B5AF4965A19}.Debug|Any CPU.Build.0 = Debug|Any CPU
		{9102413E-EED0-4794-B00B-7B5AF4965A19}.Release|Any CPU.ActiveCfg = Release|Any CPU
		{9102413E-EED0-4794-B00B-7B5AF4965A19}.Release|Any CPU.Build.0 = Release|Any CPU
	EndGlobalSection
	GlobalSection(SolutionProperties) = preSolution
		HideSolutionNode = FALSE
	EndGlobalSection
	GlobalSection(ExtensibilityGlobals) = postSolution
		SolutionGuid = {F0ADC4D1-516D-4113-94D3-EDFF2DE311B1}
	EndGlobalSection
EndGlobal
